{
  "name": "hellobbs",
  "version": "1.0.0",
  "lockfileVersion": 2,
  "requires": true,
  "packages": {
    "": {
      "name": "hellobbs",
      "version": "1.0.0",
      "license": "ISC",
      "dependencies": {
        "supabase-wechat-stable": "^0.2.0",
        "supabase-wechat-stable-v2": "^2.1.6"
      }
    },
    "node_modules/phoenix": {
      "version": "1.7.11",
      "resolved": "https://registry.npmjs.org/phoenix/-/phoenix-1.7.11.tgz",
      "integrity": "sha512-aeikMR/Qh6gAygY45d5p/B7srqH60h0GbCIauEAStAtRUq4hvlkzDTyDj1NJidJEV9IKFhZe7f9L+zosUJdF/g=="
    },
    "node_modules/supabase-wechat-stable": {
      "version": "0.2.4",
      "resolved": "https://registry.npmjs.org/supabase-wechat-stable/-/supabase-wechat-stable-0.2.4.tgz",
      "integrity": "sha512-4NnU8X9ob2fwkqp7YmUbMrNsVQNzN92EWyJiTBDGiafk6vffJkMyY8MjGmuPv0gAXJce8blEwF3tTH6pBcJF1w==",
      "dependencies": {
        "phoenix": "^1.7.0-rc.2",
        "wefetch": "^1.3.6"
      }
    },
    "node_modules/supabase-wechat-stable-v2": {
      "version": "2.1.6",
      "resolved": "https://registry.npmjs.org/supabase-wechat-stable-v2/-/supabase-wechat-stable-v2-2.1.6.tgz",
      "integrity": "sha512-2SQPggRVPofnfbGLs6E7rCw7CZJ9ld6bxVaB3EiJ9eAlnrdJERPGn6SRNBs+1z4QXa4TpmVnR2ffnRdTLRgr8g==",
      "dependencies": {
        "phoenix": "^1.6.16"
      }
    },
    "node_modules/wefetch": {
      "version": "1.3.6",
      "resolved": "https://registry.npmjs.org/wefetch/-/wefetch-1.3.6.tgz",
      "integrity": "sha512-LSKY1Z3iur4hAAALYDtgGZafM8SelXJeU9ygNOdvmnp4xKAbPUZc+ZcFe/aP8wsObEnyGghbXFwriAYPG9RCXw=="
    }
  },
  "dependencies": {
    "phoenix": {
      "version": "1.7.11",
      "resolved": "https://registry.npmjs.org/phoenix/-/phoenix-1.7.11.tgz",
      "integrity": "sha512-aeikMR/Qh6gAygY45d5p/B7srqH60h0GbCIauEAStAtRUq4hvlkzDTyDj1NJidJEV9IKFhZe7f9L+zosUJdF/g=="
    },
    "supabase-wechat-stable": {
      "version": "0.2.4",
      "resolved": "https://registry.npmjs.org/supabase-wechat-stable/-/supabase-wechat-stable-0.2.4.tgz",
      "integrity": "sha512-4NnU8X9ob2fwkqp7YmUbMrNsVQNzN92EWyJiTBDGiafk6vffJkMyY8MjGmuPv0gAXJce8blEwF3tTH6pBcJF1w==",
      "requires": {
        "phoenix": "^1.7.0-rc.2",
        "wefetch": "^1.3.6"
      }
    },
    "supabase-wechat-stable-v2": {
      "version": "2.1.6",
      "resolved": "https://registry.npmjs.org/supabase-wechat-stable-v2/-/supabase-wechat-stable-v2-2.1.6.tgz",
      "integrity": "sha512-2SQPggRVPofnfbGLs6E7rCw7CZJ9ld6bxVaB3EiJ9eAlnrdJERPGn6SRNBs+1z4QXa4TpmVnR2ffnRdTLRgr8g==",
      "requires": {
        "phoenix": "^1.6.16"
      }
    },
    "wefetch": {
      "version": "1.3.6",
      "resolved": "https://registry.npmjs.org/wefetch/-/wefetch-1.3.6.tgz",
      "integrity": "sha512-LSKY1Z3iur4hAAALYDtgGZafM8SelXJeU9ygNOdvmnp4xKAbPUZc+ZcFe/aP8wsObEnyGghbXFwriAYPG9RCXw=="
    }
  }
}
